
Microsoft Visual Studio Solution File, Format Version 12.00
# Visual Studio Version 17
VisualStudioVersion = 17.4.33213.308
MinimumVisualStudioVersion = 10.0.40219.1
Project("{2150E333-8FDC-42A3-9474-1A3956D46DE8}") = "Services", "Services", "{34ED4C37-A15E-484F-BB86-B3FBBDB8E091}"
EndProject
Project("{2150E333-8FDC-42A3-9474-1A3956D46DE8}") = "Shared", "Shared", "{AFE33502-5EC6-40C4-90C5-5F30F57FDBA9}"
EndProject
Project("{2150E333-8FDC-42A3-9474-1A3956D46DE8}") = "Order", "Order", "{F346F27B-45C7-499C-B95A-4048A0C5CD05}"
	ProjectSection(SolutionItems) = preProject
		Commands.txt = Commands.txt
	EndProjectSection
EndProject
Project("{9A19103F-16F7-4668-BE54-9A1E7A4F7556}") = "OrderApi", "Services\Order\OrderApi\OrderApi.csproj", "{10E7D9BD-1205-44BA-9561-9321ADB1D405}"
EndProject
Project("{2150E333-8FDC-42A3-9474-1A3956D46DE8}") = "Payment", "Payment", "{A80E73FF-0DDC-4ED0-A32D-4452728824F3}"
EndProject
Project("{9A19103F-16F7-4668-BE54-9A1E7A4F7556}") = "PaymentApi", "Services\Payment\PaymentApi\PaymentApi.csproj", "{7DF857D5-ABEF-4D78-B462-20D09F9FCBE1}"
EndProject
Project("{E53339B2-1760-4266-BCC7-CA923CBCF16C}") = "docker-compose", "docker-compose.dcproj", "{60DE01DF-7BA2-499D-B9E7-DFD3A275D311}"
EndProject
Project("{9A19103F-16F7-4668-BE54-9A1E7A4F7556}") = "OrderDomain", "Services\Order\OrderDomain\OrderDomain.csproj", "{8860FE1B-EEE3-4A66-97EA-88D28798135E}"
EndProject
Project("{9A19103F-16F7-4668-BE54-9A1E7A4F7556}") = "PaymentInfrastructure", "Services\Payment\PaymentInfrastructure\PaymentInfrastructure.csproj", "{BC2132C2-591B-417F-B4CE-3C83D4F4677F}"
EndProject
Project("{2150E333-8FDC-42A3-9474-1A3956D46DE8}") = "RabbitMQ", "RabbitMQ", "{E504EF32-FC44-4086-8C05-9162150C6C3B}"
EndProject
Project("{9A19103F-16F7-4668-BE54-9A1E7A4F7556}") = "PaymentDomain", "Services\Payment\PaymentDomain\PaymentDomain.csproj", "{2E30B8E1-CDE8-4B3A-BFA4-8632AAF0D263}"
EndProject
Project("{9A19103F-16F7-4668-BE54-9A1E7A4F7556}") = "OrderInfrastructure", "Services\Order\OrderInfrastructure\OrderInfrastructure.csproj", "{0A34504D-6235-47E5-BD0A-8926E0FBB730}"
EndProject
Project("{2150E333-8FDC-42A3-9474-1A3956D46DE8}") = "Kubernetes", "Kubernetes", "{CCE23DBB-345D-475B-9671-BA0CDC48B35E}"
	ProjectSection(SolutionItems) = preProject
		Kubernetes\orderPod.yaml = Kubernetes\orderPod.yaml
	EndProjectSection
EndProject
Global
	GlobalSection(SolutionConfigurationPlatforms) = preSolution
		Debug|Any CPU = Debug|Any CPU
		Release|Any CPU = Release|Any CPU
	EndGlobalSection
	GlobalSection(ProjectConfigurationPlatforms) = postSolution
		{10E7D9BD-1205-44BA-9561-9321ADB1D405}.Debug|Any CPU.ActiveCfg = Debug|Any CPU
		{10E7D9BD-1205-44BA-9561-9321ADB1D405}.Debug|Any CPU.Build.0 = Debug|Any CPU
		{10E7D9BD-1205-44BA-9561-9321ADB1D405}.Release|Any CPU.ActiveCfg = Release|Any CPU
		{10E7D9BD-1205-44BA-9561-9321ADB1D405}.Release|Any CPU.Build.0 = Release|Any CPU
		{7DF857D5-ABEF-4D78-B462-20D09F9FCBE1}.Debug|Any CPU.ActiveCfg = Debug|Any CPU
		{7DF857D5-ABEF-4D78-B462-20D09F9FCBE1}.Debug|Any CPU.Build.0 = Debug|Any CPU
		{7DF857D5-ABEF-4D78-B462-20D09F9FCBE1}.Release|Any CPU.ActiveCfg = Release|Any CPU
		{7DF857D5-ABEF-4D78-B462-20D09F9FCBE1}.Release|Any CPU.Build.0 = Release|Any CPU
		{60DE01DF-7BA2-499D-B9E7-DFD3A275D311}.Debug|Any CPU.ActiveCfg = Debug|Any CPU
		{60DE01DF-7BA2-499D-B9E7-DFD3A275D311}.Debug|Any CPU.Build.0 = Debug|Any CPU
		{60DE01DF-7BA2-499D-B9E7-DFD3A275D311}.Release|Any CPU.ActiveCfg = Release|Any CPU
		{60DE01DF-7BA2-499D-B9E7-DFD3A275D311}.Release|Any CPU.Build.0 = Release|Any CPU
		{8860FE1B-EEE3-4A66-97EA-88D28798135E}.Debug|Any CPU.ActiveCfg = Debug|Any CPU
		{8860FE1B-EEE3-4A66-97EA-88D28798135E}.Debug|Any CPU.Build.0 = Debug|Any CPU
		{8860FE1B-EEE3-4A66-97EA-88D28798135E}.Release|Any CPU.ActiveCfg = Release|Any CPU
		{8860FE1B-EEE3-4A66-97EA-88D28798135E}.Release|Any CPU.Build.0 = Release|Any CPU
		{BC2132C2-591B-417F-B4CE-3C83D4F4677F}.Debug|Any CPU.ActiveCfg = Debug|Any CPU
		{BC2132C2-591B-417F-B4CE-3C83D4F4677F}.Debug|Any CPU.Build.0 = Debug|Any CPU
		{BC2132C2-591B-417F-B4CE-3C83D4F4677F}.Release|Any CPU.ActiveCfg = Release|Any CPU
		{BC2132C2-591B-417F-B4CE-3C83D4F4677F}.Release|Any CPU.Build.0 = Release|Any CPU
		{2E30B8E1-CDE8-4B3A-BFA4-8632AAF0D263}.Debug|Any CPU.ActiveCfg = Debug|Any CPU
		{2E30B8E1-CDE8-4B3A-BFA4-8632AAF0D263}.Debug|Any CPU.Build.0 = Debug|Any CPU
		{2E30B8E1-CDE8-4B3A-BFA4-8632AAF0D263}.Release|Any CPU.ActiveCfg = Release|Any CPU
		{2E30B8E1-CDE8-4B3A-BFA4-8632AAF0D263}.Release|Any CPU.Build.0 = Release|Any CPU
		{0A34504D-6235-47E5-BD0A-8926E0FBB730}.Debug|Any CPU.ActiveCfg = Debug|Any CPU
		{0A34504D-6235-47E5-BD0A-8926E0FBB730}.Debug|Any CPU.Build.0 = Debug|Any CPU
		{0A34504D-6235-47E5-BD0A-8926E0FBB730}.Release|Any CPU.ActiveCfg = Release|Any CPU
		{0A34504D-6235-47E5-BD0A-8926E0FBB730}.Release|Any CPU.Build.0 = Release|Any CPU
	EndGlobalSection
	GlobalSection(SolutionProperties) = preSolution
		HideSolutionNode = FALSE
	EndGlobalSection
	GlobalSection(NestedProjects) = preSolution
		{F346F27B-45C7-499C-B95A-4048A0C5CD05} = {34ED4C37-A15E-484F-BB86-B3FBBDB8E091}
		{10E7D9BD-1205-44BA-9561-9321ADB1D405} = {F346F27B-45C7-499C-B95A-4048A0C5CD05}
		{A80E73FF-0DDC-4ED0-A32D-4452728824F3} = {34ED4C37-A15E-484F-BB86-B3FBBDB8E091}
		{7DF857D5-ABEF-4D78-B462-20D09F9FCBE1} = {A80E73FF-0DDC-4ED0-A32D-4452728824F3}
		{8860FE1B-EEE3-4A66-97EA-88D28798135E} = {F346F27B-45C7-499C-B95A-4048A0C5CD05}
		{BC2132C2-591B-417F-B4CE-3C83D4F4677F} = {A80E73FF-0DDC-4ED0-A32D-4452728824F3}
		{E504EF32-FC44-4086-8C05-9162150C6C3B} = {AFE33502-5EC6-40C4-90C5-5F30F57FDBA9}
		{2E30B8E1-CDE8-4B3A-BFA4-8632AAF0D263} = {A80E73FF-0DDC-4ED0-A32D-4452728824F3}
		{0A34504D-6235-47E5-BD0A-8926E0FBB730} = {F346F27B-45C7-499C-B95A-4048A0C5CD05}
	EndGlobalSection
	GlobalSection(ExtensibilityGlobals) = postSolution
		SolutionGuid = {EB9C3C40-BACA-4A40-B5C7-14ECFB3F4482}
	EndGlobalSection
EndGlobal
